
Microsoft Visual Studio Solution File, Format Version 12.00
# Visual Studio 15
VisualStudioVersion = 15.0.27703.2047
MinimumVisualStudioVersion = 10.0.40219.1
Project("{FAE04EC0-301F-11D3-BF4B-00C04F79EFBC}") = "CreateIBLL", "CreateIBLL\CreateIBLL.csproj", "{4E118163-B069-4440-A27E-96D3D9C5F5EC}"
EndProject
Global
	GlobalSection(SolutionConfigurationPlatforms) = preSolution
		Debug|Any CPU = Debug|Any CPU
		Release|Any CPU = Release|Any CPU
	EndGlobalSection
	GlobalSection(ProjectConfigurationPlatforms) = postSolution
		{4E118163-B069-4440-A27E-96D3D9C5F5EC}.Debug|Any CPU.ActiveCfg = Debug|Any CPU
		{4E118163-B069-4440-A27E-96D3D9C5F5EC}.Debug|Any CPU.Build.0 = Debug|Any CPU
		{4E118163-B069-4440-A27E-96D3D9C5F5EC}.Release|Any CPU.ActiveCfg = Release|Any CPU
		{4E118163-B069-4440-A27E-96D3D9C5F5EC}.Release|Any CPU.Build.0 = Release|Any CPU
	EndGlobalSection
	GlobalSection(SolutionProperties) = preSolution
		HideSolutionNode = FALSE
	EndGlobalSection
	GlobalSection(ExtensibilityGlobals) = postSolution
		SolutionGuid = {92B8EAC2-067C-4F86-9091-69096EFF43ED}
	EndGlobalSection
EndGlobal
