
Microsoft Visual Studio Solution File, Format Version 12.00
# Visual Studio 15
VisualStudioVersion = 15.0.27703.2047
MinimumVisualStudioVersion = 10.0.40219.1
Project("{FAE04EC0-301F-11D3-BF4B-00C04F79EFBC}") = "IHelperCreate", "IHelperCreate\IHelperCreate.csproj", "{9561822E-AD82-4F50-9319-AA27587B32E4}"
EndProject
Global
	GlobalSection(SolutionConfigurationPlatforms) = preSolution
		Debug|Any CPU = Debug|Any CPU
		Release|Any CPU = Release|Any CPU
	EndGlobalSection
	GlobalSection(ProjectConfigurationPlatforms) = postSolution
		{9561822E-AD82-4F50-9319-AA27587B32E4}.Debug|Any CPU.ActiveCfg = Debug|Any CPU
		{9561822E-AD82-4F50-9319-AA27587B32E4}.Debug|Any CPU.Build.0 = Debug|Any CPU
		{9561822E-AD82-4F50-9319-AA27587B32E4}.Release|Any CPU.ActiveCfg = Release|Any CPU
		{9561822E-AD82-4F50-9319-AA27587B32E4}.Release|Any CPU.Build.0 = Release|Any CPU
	EndGlobalSection
	GlobalSection(SolutionProperties) = preSolution
		HideSolutionNode = FALSE
	EndGlobalSection
	GlobalSection(ExtensibilityGlobals) = postSolution
		SolutionGuid = {09A73137-C81F-421F-8FD6-C5D42DC6D1C0}
	EndGlobalSection
EndGlobal
